
Microsoft Visual Studio Solution File, Format Version 12.00
# Visual Studio 15
VisualStudioVersion = 15.0.26430.12
MinimumVisualStudioVersion = 10.0.40219.1
Project("{FAE04EC0-301F-11D3-BF4B-00C04F79EFBC}") = "CRED", "CRED\CRED.csproj", "{652117CF-7954-4981-B243-74EF58572927}"
EndProject
Project("{FAE04EC0-301F-11D3-BF4B-00C04F79EFBC}") = "Pso2Reparser", "Utilities\Pso2Reparser\Pso2Reparser.csproj", "{F21F3518-21AA-4160-81A0-51369944193C}"
EndProject
Project("{2150E333-8FDC-42A3-9474-1A3956D46DE8}") = "Utilities", "Utilities", "{132E1C50-7CC8-4BF5-B0A6-3B9F9A8AAAAD}"
EndProject
Project("{FAE04EC0-301F-11D3-BF4B-00C04F79EFBC}") = "AzurePortalExtractor", "Utilities\AzurePortalExtractor\AzurePortalExtractor.csproj", "{0A9F899D-CBC0-40B8-AFDF-AAC032784173}"
EndProject
Project("{FAE04EC0-301F-11D3-BF4B-00C04F79EFBC}") = "CRED.Client", "Bridge.NET.Test\CRED.Client.csproj", "{4F39EFD6-404C-48BB-B4E7-9141C463F305}"
EndProject
Project("{FAE04EC0-301F-11D3-BF4B-00C04F79EFBC}") = "RuntimeResourcePacker", "RuntimeResourcePacker\RuntimeResourcePacker.csproj", "{F4C1C7A1-E65B-4520-A36E-0C799F323331}"
EndProject
Project("{FAE04EC0-301F-11D3-BF4B-00C04F79EFBC}") = "CsCodeGenerator", "Utilities\CsCodeGenerator\CsCodeGenerator.csproj", "{9BD92D0F-B4E4-4517-801E-4122D9745803}"
EndProject
Project("{FAE04EC0-301F-11D3-BF4B-00C04F79EFBC}") = "ResourceMapper", "Utilities\ResourceMapper\ResourceMapper.csproj", "{0F2E5F4C-C813-4EE4-8422-A874B05AEFA8}"
EndProject
Project("{FAE04EC0-301F-11D3-BF4B-00C04F79EFBC}") = "CRED.Client.AzureResources", "CRED.Client.AzureResources\CRED.Client.AzureResources.csproj", "{682FE47D-AEA0-4CC8-9ABB-A161B2B4A01C}"
	ProjectSection(ProjectDependencies) = postProject
		{DBA78F30-6586-400A-9829-61FE3B63BFF3} = {DBA78F30-6586-400A-9829-61FE3B63BFF3}
	EndProjectSection
EndProject
Project("{FAE04EC0-301F-11D3-BF4B-00C04F79EFBC}") = "AzureResourcesExtractor", "Utilities\AzureResourcesExtractor\AzureResourcesExtractor.csproj", "{DBA78F30-6586-400A-9829-61FE3B63BFF3}"
EndProject
Global
	GlobalSection(SolutionConfigurationPlatforms) = preSolution
		Debug|Any CPU = Debug|Any CPU
		PublishRelease|Any CPU = PublishRelease|Any CPU
		Release|Any CPU = Release|Any CPU
	EndGlobalSection
	GlobalSection(ProjectConfigurationPlatforms) = postSolution
		{652117CF-7954-4981-B243-74EF58572927}.Debug|Any CPU.ActiveCfg = Debug|Any CPU
		{652117CF-7954-4981-B243-74EF58572927}.Debug|Any CPU.Build.0 = Debug|Any CPU
		{652117CF-7954-4981-B243-74EF58572927}.PublishRelease|Any CPU.ActiveCfg = Debug|Any CPU
		{652117CF-7954-4981-B243-74EF58572927}.PublishRelease|Any CPU.Build.0 = Debug|Any CPU
		{652117CF-7954-4981-B243-74EF58572927}.Release|Any CPU.ActiveCfg = Release|Any CPU
		{652117CF-7954-4981-B243-74EF58572927}.Release|Any CPU.Build.0 = Release|Any CPU
		{652117CF-7954-4981-B243-74EF58572927}.Release|Any CPU.Deploy.0 = Release|Any CPU
		{F21F3518-21AA-4160-81A0-51369944193C}.Debug|Any CPU.ActiveCfg = Debug|Any CPU
		{F21F3518-21AA-4160-81A0-51369944193C}.Debug|Any CPU.Build.0 = Debug|Any CPU
		{F21F3518-21AA-4160-81A0-51369944193C}.PublishRelease|Any CPU.ActiveCfg = Release|Any CPU
		{F21F3518-21AA-4160-81A0-51369944193C}.PublishRelease|Any CPU.Build.0 = Release|Any CPU
		{F21F3518-21AA-4160-81A0-51369944193C}.Release|Any CPU.ActiveCfg = Release|Any CPU
		{F21F3518-21AA-4160-81A0-51369944193C}.Release|Any CPU.Build.0 = Release|Any CPU
		{0A9F899D-CBC0-40B8-AFDF-AAC032784173}.Debug|Any CPU.ActiveCfg = Debug|Any CPU
		{0A9F899D-CBC0-40B8-AFDF-AAC032784173}.Debug|Any CPU.Build.0 = Debug|Any CPU
		{0A9F899D-CBC0-40B8-AFDF-AAC032784173}.PublishRelease|Any CPU.ActiveCfg = Release|Any CPU
		{0A9F899D-CBC0-40B8-AFDF-AAC032784173}.PublishRelease|Any CPU.Build.0 = Release|Any CPU
		{0A9F899D-CBC0-40B8-AFDF-AAC032784173}.Release|Any CPU.ActiveCfg = Release|Any CPU
		{0A9F899D-CBC0-40B8-AFDF-AAC032784173}.Release|Any CPU.Build.0 = Release|Any CPU
		{4F39EFD6-404C-48BB-B4E7-9141C463F305}.Debug|Any CPU.ActiveCfg = Debug|Any CPU
		{4F39EFD6-404C-48BB-B4E7-9141C463F305}.Debug|Any CPU.Build.0 = Debug|Any CPU
		{4F39EFD6-404C-48BB-B4E7-9141C463F305}.PublishRelease|Any CPU.ActiveCfg = Release|Any CPU
		{4F39EFD6-404C-48BB-B4E7-9141C463F305}.PublishRelease|Any CPU.Build.0 = Release|Any CPU
		{4F39EFD6-404C-48BB-B4E7-9141C463F305}.Release|Any CPU.ActiveCfg = Release|Any CPU
		{4F39EFD6-404C-48BB-B4E7-9141C463F305}.Release|Any CPU.Build.0 = Release|Any CPU
		{F4C1C7A1-E65B-4520-A36E-0C799F323331}.Debug|Any CPU.ActiveCfg = Debug|Any CPU
		{F4C1C7A1-E65B-4520-A36E-0C799F323331}.Debug|Any CPU.Build.0 = Debug|Any CPU
		{F4C1C7A1-E65B-4520-A36E-0C799F323331}.PublishRelease|Any CPU.ActiveCfg = Release|Any CPU
		{F4C1C7A1-E65B-4520-A36E-0C799F323331}.PublishRelease|Any CPU.Build.0 = Release|Any CPU
		{F4C1C7A1-E65B-4520-A36E-0C799F323331}.Release|Any CPU.ActiveCfg = Release|Any CPU
		{F4C1C7A1-E65B-4520-A36E-0C799F323331}.Release|Any CPU.Build.0 = Release|Any CPU
		{9BD92D0F-B4E4-4517-801E-4122D9745803}.Debug|Any CPU.ActiveCfg = Debug|Any CPU
		{9BD92D0F-B4E4-4517-801E-4122D9745803}.Debug|Any CPU.Build.0 = Debug|Any CPU
		{9BD92D0F-B4E4-4517-801E-4122D9745803}.PublishRelease|Any CPU.ActiveCfg = Release|Any CPU
		{9BD92D0F-B4E4-4517-801E-4122D9745803}.PublishRelease|Any CPU.Build.0 = Release|Any CPU
		{9BD92D0F-B4E4-4517-801E-4122D9745803}.Release|Any CPU.ActiveCfg = Release|Any CPU
		{9BD92D0F-B4E4-4517-801E-4122D9745803}.Release|Any CPU.Build.0 = Release|Any CPU
		{0F2E5F4C-C813-4EE4-8422-A874B05AEFA8}.Debug|Any CPU.ActiveCfg = Debug|Any CPU
		{0F2E5F4C-C813-4EE4-8422-A874B05AEFA8}.Debug|Any CPU.Build.0 = Debug|Any CPU
		{0F2E5F4C-C813-4EE4-8422-A874B05AEFA8}.PublishRelease|Any CPU.ActiveCfg = Release|Any CPU
		{0F2E5F4C-C813-4EE4-8422-A874B05AEFA8}.PublishRelease|Any CPU.Build.0 = Release|Any CPU
		{0F2E5F4C-C813-4EE4-8422-A874B05AEFA8}.Release|Any CPU.ActiveCfg = Release|Any CPU
		{0F2E5F4C-C813-4EE4-8422-A874B05AEFA8}.Release|Any CPU.Build.0 = Release|Any CPU
		{682FE47D-AEA0-4CC8-9ABB-A161B2B4A01C}.Debug|Any CPU.ActiveCfg = Debug|Any CPU
		{682FE47D-AEA0-4CC8-9ABB-A161B2B4A01C}.Debug|Any CPU.Build.0 = Debug|Any CPU
		{682FE47D-AEA0-4CC8-9ABB-A161B2B4A01C}.PublishRelease|Any CPU.ActiveCfg = Release|Any CPU
		{682FE47D-AEA0-4CC8-9ABB-A161B2B4A01C}.PublishRelease|Any CPU.Build.0 = Release|Any CPU
		{682FE47D-AEA0-4CC8-9ABB-A161B2B4A01C}.Release|Any CPU.ActiveCfg = Release|Any CPU
		{682FE47D-AEA0-4CC8-9ABB-A161B2B4A01C}.Release|Any CPU.Build.0 = Release|Any CPU
		{DBA78F30-6586-400A-9829-61FE3B63BFF3}.Debug|Any CPU.ActiveCfg = Debug|Any CPU
		{DBA78F30-6586-400A-9829-61FE3B63BFF3}.Debug|Any CPU.Build.0 = Debug|Any CPU
		{DBA78F30-6586-400A-9829-61FE3B63BFF3}.PublishRelease|Any CPU.ActiveCfg = Release|Any CPU
		{DBA78F30-6586-400A-9829-61FE3B63BFF3}.PublishRelease|Any CPU.Build.0 = Release|Any CPU
		{DBA78F30-6586-400A-9829-61FE3B63BFF3}.Release|Any CPU.ActiveCfg = Release|Any CPU
		{DBA78F30-6586-400A-9829-61FE3B63BFF3}.Release|Any CPU.Build.0 = Release|Any CPU
	EndGlobalSection
	GlobalSection(SolutionProperties) = preSolution
		HideSolutionNode = FALSE
	EndGlobalSection
	GlobalSection(NestedProjects) = preSolution
		{F21F3518-21AA-4160-81A0-51369944193C} = {132E1C50-7CC8-4BF5-B0A6-3B9F9A8AAAAD}
		{0A9F899D-CBC0-40B8-AFDF-AAC032784173} = {132E1C50-7CC8-4BF5-B0A6-3B9F9A8AAAAD}
		{9BD92D0F-B4E4-4517-801E-4122D9745803} = {132E1C50-7CC8-4BF5-B0A6-3B9F9A8AAAAD}
		{0F2E5F4C-C813-4EE4-8422-A874B05AEFA8} = {132E1C50-7CC8-4BF5-B0A6-3B9F9A8AAAAD}
		{DBA78F30-6586-400A-9829-61FE3B63BFF3} = {132E1C50-7CC8-4BF5-B0A6-3B9F9A8AAAAD}
	EndGlobalSection
EndGlobal
