
Microsoft Visual Studio Solution File, Format Version 12.00
# Visual Studio 15
VisualStudioVersion = 15.0.26730.10
MinimumVisualStudioVersion = 10.0.40219.1
Project("{9A19103F-16F7-4668-BE54-9A1E7A4F7556}") = "CRED", "CRED\CRED.csproj", "{652117CF-7954-4981-B243-74EF58572927}"
EndProject
Project("{FAE04EC0-301F-11D3-BF4B-00C04F79EFBC}") = "Pso2Reparser", "Utilities\Pso2Reparser\Pso2Reparser.csproj", "{F21F3518-21AA-4160-81A0-51369944193C}"
EndProject
Project("{2150E333-8FDC-42A3-9474-1A3956D46DE8}") = "Utilities", "Utilities", "{132E1C50-7CC8-4BF5-B0A6-3B9F9A8AAAAD}"
EndProject
Project("{FAE04EC0-301F-11D3-BF4B-00C04F79EFBC}") = "AzurePortalExtractor", "Utilities\AzurePortalExtractor\AzurePortalExtractor.csproj", "{0A9F899D-CBC0-40B8-AFDF-AAC032784173}"
EndProject
Project("{9A19103F-16F7-4668-BE54-9A1E7A4F7556}") = "CRED.Client", "CRED.Client\CRED.Client.csproj", "{4F39EFD6-404C-48BB-B4E7-9141C463F305}"
EndProject
Project("{9A19103F-16F7-4668-BE54-9A1E7A4F7556}") = "CsCodeGenerator", "Utilities\CsCodeGenerator\CsCodeGenerator.csproj", "{9BD92D0F-B4E4-4517-801E-4122D9745803}"
EndProject
Project("{9A19103F-16F7-4668-BE54-9A1E7A4F7556}") = "CRED.BuildTasks", "Utilities\CRED.BuildTasks\CRED.BuildTasks.csproj", "{48DCDF05-1DBE-45F7-9625-CACA256583CE}"
EndProject
Project("{9A19103F-16F7-4668-BE54-9A1E7A4F7556}") = "CRED.Client.Pack", "CRED.Client.Bundles\CRED.Client.Pack.csproj", "{C2EA4FFA-B085-4FBA-91BE-32EA49FAD1AB}"
EndProject
Project("{D954291E-2A0B-460D-934E-DC6B0785DB48}") = "CRED.Shared", "CRED.Shared\CRED.Shared.shproj", "{C9E7FF7E-99DF-4BD5-BD09-16D834BF740D}"
EndProject
Project("{FAE04EC0-301F-11D3-BF4B-00C04F79EFBC}") = "BridgeSerwiceWorkerTest", "BridgeSerwiceWorkerTest\BridgeSerwiceWorkerTest.csproj", "{7D8B8CC0-6F0C-4413-A9F7-55720A5F9681}"
EndProject
Project("{9A19103F-16F7-4668-BE54-9A1E7A4F7556}") = "CRED2", "CRED2\CRED2.csproj", "{837F311E-3D4E-4F23-9EDA-C148AD1130E4}"
EndProject
Project("{FAE04EC0-301F-11D3-BF4B-00C04F79EFBC}") = "CRED.BuildTasks2", "Utilities\CRED.BuildTasks2\CRED.BuildTasks2.csproj", "{0A33DD4C-9649-49E8-8152-E67172708FDF}"
EndProject
Global
	GlobalSection(SharedMSBuildProjectFiles) = preSolution
		CRED.Shared\CRED.Shared.projitems*{c9e7ff7e-99df-4bd5-bd09-16d834bf740d}*SharedItemsImports = 13
	EndGlobalSection
	GlobalSection(SolutionConfigurationPlatforms) = preSolution
		Debug|Any CPU = Debug|Any CPU
		PublishRelease|Any CPU = PublishRelease|Any CPU
		Release|Any CPU = Release|Any CPU
	EndGlobalSection
	GlobalSection(ProjectConfigurationPlatforms) = postSolution
		{652117CF-7954-4981-B243-74EF58572927}.Debug|Any CPU.ActiveCfg = Debug|Any CPU
		{652117CF-7954-4981-B243-74EF58572927}.Debug|Any CPU.Build.0 = Debug|Any CPU
		{652117CF-7954-4981-B243-74EF58572927}.PublishRelease|Any CPU.ActiveCfg = Debug|Any CPU
		{652117CF-7954-4981-B243-74EF58572927}.PublishRelease|Any CPU.Build.0 = Debug|Any CPU
		{652117CF-7954-4981-B243-74EF58572927}.Release|Any CPU.ActiveCfg = Release|Any CPU
		{652117CF-7954-4981-B243-74EF58572927}.Release|Any CPU.Build.0 = Release|Any CPU
		{652117CF-7954-4981-B243-74EF58572927}.Release|Any CPU.Deploy.0 = Release|Any CPU
		{F21F3518-21AA-4160-81A0-51369944193C}.Debug|Any CPU.ActiveCfg = Debug|Any CPU
		{F21F3518-21AA-4160-81A0-51369944193C}.Debug|Any CPU.Build.0 = Debug|Any CPU
		{F21F3518-21AA-4160-81A0-51369944193C}.PublishRelease|Any CPU.ActiveCfg = Release|Any CPU
		{F21F3518-21AA-4160-81A0-51369944193C}.PublishRelease|Any CPU.Build.0 = Release|Any CPU
		{F21F3518-21AA-4160-81A0-51369944193C}.Release|Any CPU.ActiveCfg = Release|Any CPU
		{F21F3518-21AA-4160-81A0-51369944193C}.Release|Any CPU.Build.0 = Release|Any CPU
		{0A9F899D-CBC0-40B8-AFDF-AAC032784173}.Debug|Any CPU.ActiveCfg = Debug|Any CPU
		{0A9F899D-CBC0-40B8-AFDF-AAC032784173}.Debug|Any CPU.Build.0 = Debug|Any CPU
		{0A9F899D-CBC0-40B8-AFDF-AAC032784173}.PublishRelease|Any CPU.ActiveCfg = Release|Any CPU
		{0A9F899D-CBC0-40B8-AFDF-AAC032784173}.PublishRelease|Any CPU.Build.0 = Release|Any CPU
		{0A9F899D-CBC0-40B8-AFDF-AAC032784173}.Release|Any CPU.ActiveCfg = Release|Any CPU
		{0A9F899D-CBC0-40B8-AFDF-AAC032784173}.Release|Any CPU.Build.0 = Release|Any CPU
		{4F39EFD6-404C-48BB-B4E7-9141C463F305}.Debug|Any CPU.ActiveCfg = Debug|Any CPU
		{4F39EFD6-404C-48BB-B4E7-9141C463F305}.Debug|Any CPU.Build.0 = Debug|Any CPU
		{4F39EFD6-404C-48BB-B4E7-9141C463F305}.PublishRelease|Any CPU.ActiveCfg = Release|Any CPU
		{4F39EFD6-404C-48BB-B4E7-9141C463F305}.PublishRelease|Any CPU.Build.0 = Release|Any CPU
		{4F39EFD6-404C-48BB-B4E7-9141C463F305}.Release|Any CPU.ActiveCfg = Release|Any CPU
		{4F39EFD6-404C-48BB-B4E7-9141C463F305}.Release|Any CPU.Build.0 = Release|Any CPU
		{9BD92D0F-B4E4-4517-801E-4122D9745803}.Debug|Any CPU.ActiveCfg = Debug|Any CPU
		{9BD92D0F-B4E4-4517-801E-4122D9745803}.Debug|Any CPU.Build.0 = Debug|Any CPU
		{9BD92D0F-B4E4-4517-801E-4122D9745803}.PublishRelease|Any CPU.ActiveCfg = Release|Any CPU
		{9BD92D0F-B4E4-4517-801E-4122D9745803}.PublishRelease|Any CPU.Build.0 = Release|Any CPU
		{9BD92D0F-B4E4-4517-801E-4122D9745803}.Release|Any CPU.ActiveCfg = Release|Any CPU
		{9BD92D0F-B4E4-4517-801E-4122D9745803}.Release|Any CPU.Build.0 = Release|Any CPU
		{48DCDF05-1DBE-45F7-9625-CACA256583CE}.Debug|Any CPU.ActiveCfg = Release|Any CPU
		{48DCDF05-1DBE-45F7-9625-CACA256583CE}.Debug|Any CPU.Build.0 = Release|Any CPU
		{48DCDF05-1DBE-45F7-9625-CACA256583CE}.PublishRelease|Any CPU.ActiveCfg = Release|Any CPU
		{48DCDF05-1DBE-45F7-9625-CACA256583CE}.PublishRelease|Any CPU.Build.0 = Release|Any CPU
		{48DCDF05-1DBE-45F7-9625-CACA256583CE}.Release|Any CPU.ActiveCfg = Release|Any CPU
		{48DCDF05-1DBE-45F7-9625-CACA256583CE}.Release|Any CPU.Build.0 = Release|Any CPU
		{C2EA4FFA-B085-4FBA-91BE-32EA49FAD1AB}.Debug|Any CPU.ActiveCfg = Debug|Any CPU
		{C2EA4FFA-B085-4FBA-91BE-32EA49FAD1AB}.Debug|Any CPU.Build.0 = Debug|Any CPU
		{C2EA4FFA-B085-4FBA-91BE-32EA49FAD1AB}.PublishRelease|Any CPU.ActiveCfg = Release|Any CPU
		{C2EA4FFA-B085-4FBA-91BE-32EA49FAD1AB}.PublishRelease|Any CPU.Build.0 = Release|Any CPU
		{C2EA4FFA-B085-4FBA-91BE-32EA49FAD1AB}.Release|Any CPU.ActiveCfg = Release|Any CPU
		{C2EA4FFA-B085-4FBA-91BE-32EA49FAD1AB}.Release|Any CPU.Build.0 = Release|Any CPU
		{7D8B8CC0-6F0C-4413-A9F7-55720A5F9681}.Debug|Any CPU.ActiveCfg = Debug|Any CPU
		{7D8B8CC0-6F0C-4413-A9F7-55720A5F9681}.Debug|Any CPU.Build.0 = Debug|Any CPU
		{7D8B8CC0-6F0C-4413-A9F7-55720A5F9681}.PublishRelease|Any CPU.ActiveCfg = Release|Any CPU
		{7D8B8CC0-6F0C-4413-A9F7-55720A5F9681}.PublishRelease|Any CPU.Build.0 = Release|Any CPU
		{7D8B8CC0-6F0C-4413-A9F7-55720A5F9681}.Release|Any CPU.ActiveCfg = Release|Any CPU
		{7D8B8CC0-6F0C-4413-A9F7-55720A5F9681}.Release|Any CPU.Build.0 = Release|Any CPU
		{837F311E-3D4E-4F23-9EDA-C148AD1130E4}.Debug|Any CPU.ActiveCfg = Debug|Any CPU
		{837F311E-3D4E-4F23-9EDA-C148AD1130E4}.Debug|Any CPU.Build.0 = Debug|Any CPU
		{837F311E-3D4E-4F23-9EDA-C148AD1130E4}.PublishRelease|Any CPU.ActiveCfg = Release|Any CPU
		{837F311E-3D4E-4F23-9EDA-C148AD1130E4}.PublishRelease|Any CPU.Build.0 = Release|Any CPU
		{837F311E-3D4E-4F23-9EDA-C148AD1130E4}.Release|Any CPU.ActiveCfg = Release|Any CPU
		{837F311E-3D4E-4F23-9EDA-C148AD1130E4}.Release|Any CPU.Build.0 = Release|Any CPU
		{0A33DD4C-9649-49E8-8152-E67172708FDF}.Debug|Any CPU.ActiveCfg = Debug|Any CPU
		{0A33DD4C-9649-49E8-8152-E67172708FDF}.Debug|Any CPU.Build.0 = Debug|Any CPU
		{0A33DD4C-9649-49E8-8152-E67172708FDF}.PublishRelease|Any CPU.ActiveCfg = Release|Any CPU
		{0A33DD4C-9649-49E8-8152-E67172708FDF}.PublishRelease|Any CPU.Build.0 = Release|Any CPU
		{0A33DD4C-9649-49E8-8152-E67172708FDF}.Release|Any CPU.ActiveCfg = Release|Any CPU
		{0A33DD4C-9649-49E8-8152-E67172708FDF}.Release|Any CPU.Build.0 = Release|Any CPU
	EndGlobalSection
	GlobalSection(SolutionProperties) = preSolution
		HideSolutionNode = FALSE
	EndGlobalSection
	GlobalSection(NestedProjects) = preSolution
		{F21F3518-21AA-4160-81A0-51369944193C} = {132E1C50-7CC8-4BF5-B0A6-3B9F9A8AAAAD}
		{0A9F899D-CBC0-40B8-AFDF-AAC032784173} = {132E1C50-7CC8-4BF5-B0A6-3B9F9A8AAAAD}
		{9BD92D0F-B4E4-4517-801E-4122D9745803} = {132E1C50-7CC8-4BF5-B0A6-3B9F9A8AAAAD}
		{48DCDF05-1DBE-45F7-9625-CACA256583CE} = {132E1C50-7CC8-4BF5-B0A6-3B9F9A8AAAAD}
		{0A33DD4C-9649-49E8-8152-E67172708FDF} = {132E1C50-7CC8-4BF5-B0A6-3B9F9A8AAAAD}
	EndGlobalSection
	GlobalSection(ExtensibilityGlobals) = postSolution
		SolutionGuid = {9A4009E5-1012-48EE-AAC5-D926BFEBB74D}
	EndGlobalSection
EndGlobal
